
Microsoft Visual Studio Solution File, Format Version 12.00
# Visual Studio Version 16
VisualStudioVersion = 16.0.29306.81
MinimumVisualStudioVersion = 10.0.40219.1
Project("{FAE04EC0-301F-11D3-BF4B-00C04F79EFBC}") = "WebClient", "WebClient\WebClient.csproj", "{49203E50-529E-4D84-8C1F-FC5DFFB0DF67}"
EndProject
Project("{FAE04EC0-301F-11D3-BF4B-00C04F79EFBC}") = "WindowsFormsClient", "WindowsFormsClient\WindowsFormsClient.csproj", "{522D7AB7-11E8-41E1-B93C-060E59A4E91D}"
EndProject
Global
	GlobalSection(SolutionConfigurationPlatforms) = preSolution
		Debug|Any CPU = Debug|Any CPU
		Release|Any CPU = Release|Any CPU
	EndGlobalSection
	GlobalSection(ProjectConfigurationPlatforms) = postSolution
		{49203E50-529E-4D84-8C1F-FC5DFFB0DF67}.Debug|Any CPU.ActiveCfg = Debug|Any CPU
		{49203E50-529E-4D84-8C1F-FC5DFFB0DF67}.Debug|Any CPU.Build.0 = Debug|Any CPU
		{49203E50-529E-4D84-8C1F-FC5DFFB0DF67}.Release|Any CPU.ActiveCfg = Release|Any CPU
		{49203E50-529E-4D84-8C1F-FC5DFFB0DF67}.Release|Any CPU.Build.0 = Release|Any CPU
		{522D7AB7-11E8-41E1-B93C-060E59A4E91D}.Debug|Any CPU.ActiveCfg = Debug|Any CPU
		{522D7AB7-11E8-41E1-B93C-060E59A4E91D}.Debug|Any CPU.Build.0 = Debug|Any CPU
		{522D7AB7-11E8-41E1-B93C-060E59A4E91D}.Release|Any CPU.ActiveCfg = Release|Any CPU
		{522D7AB7-11E8-41E1-B93C-060E59A4E91D}.Release|Any CPU.Build.0 = Release|Any CPU
	EndGlobalSection
	GlobalSection(SolutionProperties) = preSolution
		HideSolutionNode = FALSE
	EndGlobalSection
	GlobalSection(ExtensibilityGlobals) = postSolution
		SolutionGuid = {8D2FB010-5FBF-4D80-87F3-C8EB5F10285F}
	EndGlobalSection
EndGlobal
